{
  "lockfileVersion": 1,
  "configVersion": 0,
  "workspaces": {
    "": {
      "name": "drift-guard",
      "dependencies": {
        "@hono/node-server": "^1.19.12",
        "hono": "^4.12.9",
        "zod": "^4.3.6",
      },
      "devDependencies": {
        "@types/node": "^25.5.0",
        "typescript": "^6.0.2",
        "vitest": "^4.1.2",
      },
    },
  },
  "packages": {
    "@emnapi/core": ["@emnapi/core@1.9.1", "", { "dependencies": { "@emnapi/wasi-threads": "1.2.0", "tslib": "^2.4.0" } }, "sha512-mukuNALVsoix/w1BJwFzwXBN/dHeejQtuVzcDsfOEsdpCumXb/E9j8w11h5S54tT1xhifGfbbSm/ICrObRb3KA=="],

    "@emnapi/runtime": ["@emnapi/runtime@1.9.1", "", { "dependencies": { "tslib": "^2.4.0" } }, "sha512-VYi5+ZVLhpgK4hQ0TAjiQiZ6ol0oe4mBx7mVv7IflsiEp0OWoVsp/+f9Vc1hOhE0TtkORVrI1GvzyreqpgWtkA=="],

    "@emnapi/wasi-threads": ["@emnapi/wasi-threads@1.2.0", "", { "dependencies": { "tslib": "^2.4.0" } }, "sha512-N10dEJNSsUx41Z6pZsXU8FjPjpBEplgH24sfkmITrBED1/U2Esum9F3lfLrMjKHHjmi557zQn7kR9R+XWXu5Rg=="],

    "@esbuild/aix-ppc64": ["@esbuild/aix-ppc64@0.27.5", "", { "os": "aix", "cpu": "ppc64" }, "sha512-nGsF/4C7uzUj+Nj/4J+Zt0bYQ6bz33Phz8Lb2N80Mti1HjGclTJdXZ+9APC4kLvONbjxN1zfvYNd8FEcbBK/MQ=="],

    "@esbuild/android-arm": ["@esbuild/android-arm@0.27.5", "", { "os": "android", "cpu": "arm" }, "sha512-Cv781jd0Rfj/paoNrul1/r4G0HLvuFKYh7C9uHZ2Pl8YXstzvCyyeWENTFR9qFnRzNMCjXmsulZuvosDg10Mog=="],

    "@esbuild/android-arm64": ["@esbuild/android-arm64@0.27.5", "", { "os": "android", "cpu": "arm64" }, "sha512-Oeghq+XFgh1pUGd1YKs4DDoxzxkoUkvko+T/IVKwlghKLvvjbGFB3ek8VEDBmNvqhwuL0CQS3cExdzpmUyIrgA=="],

    "@esbuild/android-x64": ["@esbuild/android-x64@0.27.5", "", { "os": "android", "cpu": "x64" }, "sha512-nQD7lspbzerlmtNOxYMFAGmhxgzn8Z7m9jgFkh6kpkjsAhZee1w8tJW3ZlW+N9iRePz0oPUDrYrXidCPSImD0Q=="],

    "@esbuild/darwin-arm64": ["@esbuild/darwin-arm64@0.27.5", "", { "os": "darwin", "cpu": "arm64" }, "sha512-I+Ya/MgC6rr8oRWGRDF3BXDfP8K1BVUggHqN6VI2lUZLdDi1IM1v2cy0e3lCPbP+pVcK3Tv8cgUhHse1kaNZZw=="],

    "@esbuild/darwin-x64": ["@esbuild/darwin-x64@0.27.5", "", { "os": "darwin", "cpu": "x64" }, "sha512-MCjQUtC8wWJn/pIPM7vQaO69BFgwPD1jriEdqwTCKzWjGgkMbcg+M5HzrOhPhuYe1AJjXlHmD142KQf+jnYj8A=="],

    "@esbuild/freebsd-arm64": ["@esbuild/freebsd-arm64@0.27.5", "", { "os": "freebsd", "cpu": "arm64" }, "sha512-X6xVS+goSH0UelYXnuf4GHLwpOdc8rgK/zai+dKzBMnncw7BTQIwquOodE7EKvY2UVUetSqyAfyZC1D+oqLQtg=="],

    "@esbuild/freebsd-x64": ["@esbuild/freebsd-x64@0.27.5", "", { "os": "freebsd", "cpu": "x64" }, "sha512-233X1FGo3a8x1ekLB6XT69LfZ83vqz+9z3TSEQCTYfMNY880A97nr81KbPcAMl9rmOFp11wO0dP+eB18KU/Ucg=="],

    "@esbuild/linux-arm": ["@esbuild/linux-arm@0.27.5", "", { "os": "linux", "cpu": "arm" }, "sha512-0wkVrYHG4sdCCN/bcwQ7yYMXACkaHc3UFeaEOwSVW6e5RycMageYAFv+JS2bKLwHyeKVUvtoVH+5/RHq0fgeFw=="],

    "@esbuild/linux-arm64": ["@esbuild/linux-arm64@0.27.5", "", { "os": "linux", "cpu": "arm64" }, "sha512-euKkilsNOv7x/M1NKsx5znyprbpsRFIzTV6lWziqJch7yWYayfLtZzDxDTl+LSQDJYAjd9TVb/Kt5UKIrj2e4A=="],

    "@esbuild/linux-ia32": ["@esbuild/linux-ia32@0.27.5", "", { "os": "linux", "cpu": "ia32" }, "sha512-hVRQX4+P3MS36NxOy24v/Cdsimy/5HYePw+tmPqnNN1fxV0bPrFWR6TMqwXPwoTM2VzbkA+4lbHWUKDd5ZDA/w=="],

    "@esbuild/linux-loong64": ["@esbuild/linux-loong64@0.27.5", "", { "os": "linux", "cpu": "none" }, "sha512-mKqqRuOPALI8nDzhOBmIS0INvZOOFGGg5n1osGIXAx8oersceEbKd4t1ACNTHM3sJBXGFAlEgqM+svzjPot+ZQ=="],

    "@esbuild/linux-mips64el": ["@esbuild/linux-mips64el@0.27.5", "", { "os": "linux", "cpu": "none" }, "sha512-EE/QXH9IyaAj1qeuIV5+/GZkBTipgGO782Ff7Um3vPS9cvLhJJeATy4Ggxikz2inZ46KByamMn6GqtqyVjhenA=="],

    "@esbuild/linux-ppc64": ["@esbuild/linux-ppc64@0.27.5", "", { "os": "linux", "cpu": "ppc64" }, "sha512-0V2iF1RGxBf1b7/BjurA5jfkl7PtySjom1r6xOK2q9KWw/XCpAdtB6KNMO+9xx69yYfSCRR9FE0TyKfHA2eQMw=="],

    "@esbuild/linux-riscv64": ["@esbuild/linux-riscv64@0.27.5", "", { "os": "linux", "cpu": "none" }, "sha512-rYxThBx6G9HN6tFNuvB/vykeLi4VDsm5hE5pVwzqbAjZEARQrWu3noZSfbEnPZ/CRXP3271GyFk/49up2W190g=="],

    "@esbuild/linux-s390x": ["@esbuild/linux-s390x@0.27.5", "", { "os": "linux", "cpu": "s390x" }, "sha512-uEP2q/4qgd8goEUc4QIdU/1P2NmEtZ/zX5u3OpLlCGhJIuBIv0s0wr7TB2nBrd3/A5XIdEkkS5ZLF0ULuvaaYQ=="],

    "@esbuild/linux-x64": ["@esbuild/linux-x64@0.27.5", "", { "os": "linux", "cpu": "x64" }, "sha512-+Gq47Wqq6PLOOZuBzVSII2//9yyHNKZLuwfzCemqexqOQCSz0zy0O26kIzyp9EMNMK+nZ0tFHBZrCeVUuMs/ew=="],

    "@esbuild/netbsd-arm64": ["@esbuild/netbsd-arm64@0.27.5", "", { "os": "none", "cpu": "arm64" }, "sha512-3F/5EG8VHfN/I+W5cO1/SV2H9Q/5r7vcHabMnBqhHK2lTWOh3F8vixNzo8lqxrlmBtZVFpW8pmITHnq54+Tq4g=="],

    "@esbuild/netbsd-x64": ["@esbuild/netbsd-x64@0.27.5", "", { "os": "none", "cpu": "x64" }, "sha512-28t+Sj3CPN8vkMOlZotOmDgilQwVvxWZl7b8rxpn73Tt/gCnvrHxQUMng4uu3itdFvrtba/1nHejvxqz8xgEMA=="],

    "@esbuild/openbsd-arm64": ["@esbuild/openbsd-arm64@0.27.5", "", { "os": "openbsd", "cpu": "arm64" }, "sha512-Doz/hKtiuVAi9hMsBMpwBANhIZc8l238U2Onko3t2xUp8xtM0ZKdDYHMnm/qPFVthY8KtxkXaocwmMh6VolzMA=="],

    "@esbuild/openbsd-x64": ["@esbuild/openbsd-x64@0.27.5", "", { "os": "openbsd", "cpu": "x64" }, "sha512-WfGVaa1oz5A7+ZFPkERIbIhKT4olvGl1tyzTRaB5yoZRLqC0KwaO95FeZtOdQj/oKkjW57KcVF944m62/0GYtA=="],

    "@esbuild/openharmony-arm64": ["@esbuild/openharmony-arm64@0.27.5", "", { "os": "none", "cpu": "arm64" }, "sha512-Xh+VRuh6OMh3uJ0JkCjI57l+DVe7VRGBYymen8rFPnTVgATBwA6nmToxM2OwTlSvrnWpPKkrQUj93+K9huYC6A=="],

    "@esbuild/sunos-x64": ["@esbuild/sunos-x64@0.27.5", "", { "os": "sunos", "cpu": "x64" }, "sha512-aC1gpJkkaUADHuAdQfuVTnqVUTLqqUNhAvEwHwVWcnVVZvNlDPGA0UveZsfXJJ9T6k9Po4eHi3c02gbdwO3g6w=="],

    "@esbuild/win32-arm64": ["@esbuild/win32-arm64@0.27.5", "", { "os": "win32", "cpu": "arm64" }, "sha512-0UNx2aavV0fk6UpZcwXFLztA2r/k9jTUa7OW7SAea1VYUhkug99MW1uZeXEnPn5+cHOd0n8myQay6TlFnBR07w=="],

    "@esbuild/win32-ia32": ["@esbuild/win32-ia32@0.27.5", "", { "os": "win32", "cpu": "ia32" }, "sha512-5nlJ3AeJWCTSzR7AEqVjT/faWyqKU86kCi1lLmxVqmNR+j4HrYdns+eTGjS/vmrzCIe8inGQckUadvS0+JkKdQ=="],

    "@esbuild/win32-x64": ["@esbuild/win32-x64@0.27.5", "", { "os": "win32", "cpu": "x64" }, "sha512-PWypQR+d4FLfkhBIV+/kHsUELAnMpx1bRvvsn3p+/sAERbnCzFrtDRG2Xw5n+2zPxBK2+iaP+vetsRl4Ti7WgA=="],

    "@hono/node-server": ["@hono/node-server@1.19.12", "", { "peerDependencies": { "hono": "^4" } }, "sha512-txsUW4SQ1iilgE0l9/e9VQWmELXifEFvmdA1j6WFh/aFPj99hIntrSsq/if0UWyGVkmrRPKA1wCeP+UCr1B9Uw=="],

    "@jridgewell/sourcemap-codec": ["@jridgewell/sourcemap-codec@1.5.5", "", {}, "sha512-cYQ9310grqxueWbl+WuIUIaiUaDcj7WOq5fVhEljNVgRfOUhY9fy2zTvfoqWsnebh8Sl70VScFbICvJnLKB0Og=="],

    "@napi-rs/wasm-runtime": ["@napi-rs/wasm-runtime@1.1.2", "", { "dependencies": { "@tybys/wasm-util": "^0.10.1" }, "peerDependencies": { "@emnapi/core": "^1.7.1", "@emnapi/runtime": "^1.7.1" } }, "sha512-sNXv5oLJ7ob93xkZ1XnxisYhGYXfaG9f65/ZgYuAu3qt7b3NadcOEhLvx28hv31PgX8SZJRYrAIPQilQmFpLVw=="],

    "@oxc-project/types": ["@oxc-project/types@0.122.0", "", {}, "sha512-oLAl5kBpV4w69UtFZ9xqcmTi+GENWOcPF7FCrczTiBbmC0ibXxCwyvZGbO39rCVEuLGAZM84DH0pUIyyv/YJzA=="],

    "@rolldown/binding-android-arm64": ["@rolldown/binding-android-arm64@1.0.0-rc.12", "", { "os": "android", "cpu": "arm64" }, "sha512-pv1y2Fv0JybcykuiiD3qBOBdz6RteYojRFY1d+b95WVuzx211CRh+ytI/+9iVyWQ6koTh5dawe4S/yRfOFjgaA=="],

    "@rolldown/binding-darwin-arm64": ["@rolldown/binding-darwin-arm64@1.0.0-rc.12", "", { "os": "darwin", "cpu": "arm64" }, "sha512-cFYr6zTG/3PXXF3pUO+umXxt1wkRK/0AYT8lDwuqvRC+LuKYWSAQAQZjCWDQpAH172ZV6ieYrNnFzVVcnSflAg=="],

    "@rolldown/binding-darwin-x64": ["@rolldown/binding-darwin-x64@1.0.0-rc.12", "", { "os": "darwin", "cpu": "x64" }, "sha512-ZCsYknnHzeXYps0lGBz8JrF37GpE9bFVefrlmDrAQhOEi4IOIlcoU1+FwHEtyXGx2VkYAvhu7dyBf75EJQffBw=="],

    "@rolldown/binding-freebsd-x64": ["@rolldown/binding-freebsd-x64@1.0.0-rc.12", "", { "os": "freebsd", "cpu": "x64" }, "sha512-dMLeprcVsyJsKolRXyoTH3NL6qtsT0Y2xeuEA8WQJquWFXkEC4bcu1rLZZSnZRMtAqwtrF/Ib9Ddtpa/Gkge9Q=="],

    "@rolldown/binding-linux-arm-gnueabihf": ["@rolldown/binding-linux-arm-gnueabihf@1.0.0-rc.12", "", { "os": "linux", "cpu": "arm" }, "sha512-YqWjAgGC/9M1lz3GR1r1rP79nMgo3mQiiA+Hfo+pvKFK1fAJ1bCi0ZQVh8noOqNacuY1qIcfyVfP6HoyBRZ85Q=="],

    "@rolldown/binding-linux-arm64-gnu": ["@rolldown/binding-linux-arm64-gnu@1.0.0-rc.12", "", { "os": "linux", "cpu": "arm64" }, "sha512-/I5AS4cIroLpslsmzXfwbe5OmWvSsrFuEw3mwvbQ1kDxJ822hFHIx+vsN/TAzNVyepI/j/GSzrtCIwQPeKCLIg=="],

    "@rolldown/binding-linux-arm64-musl": ["@rolldown/binding-linux-arm64-musl@1.0.0-rc.12", "", { "os": "linux", "cpu": "arm64" }, "sha512-V6/wZztnBqlx5hJQqNWwFdxIKN0m38p8Jas+VoSfgH54HSj9tKTt1dZvG6JRHcjh6D7TvrJPWFGaY9UBVOaWPw=="],

    "@rolldown/binding-linux-ppc64-gnu": ["@rolldown/binding-linux-ppc64-gnu@1.0.0-rc.12", "", { "os": "linux", "cpu": "ppc64" }, "sha512-AP3E9BpcUYliZCxa3w5Kwj9OtEVDYK6sVoUzy4vTOJsjPOgdaJZKFmN4oOlX0Wp0RPV2ETfmIra9x1xuayFB7g=="],

    "@rolldown/binding-linux-s390x-gnu": ["@rolldown/binding-linux-s390x-gnu@1.0.0-rc.12", "", { "os": "linux", "cpu": "s390x" }, "sha512-nWwpvUSPkoFmZo0kQazZYOrT7J5DGOJ/+QHHzjvNlooDZED8oH82Yg67HvehPPLAg5fUff7TfWFHQS8IV1n3og=="],

    "@rolldown/binding-linux-x64-gnu": ["@rolldown/binding-linux-x64-gnu@1.0.0-rc.12", "", { "os": "linux", "cpu": "x64" }, "sha512-RNrafz5bcwRy+O9e6P8Z/OCAJW/A+qtBczIqVYwTs14pf4iV1/+eKEjdOUta93q2TsT/FI0XYDP3TCky38LMAg=="],

    "@rolldown/binding-linux-x64-musl": ["@rolldown/binding-linux-x64-musl@1.0.0-rc.12", "", { "os": "linux", "cpu": "x64" }, "sha512-Jpw/0iwoKWx3LJ2rc1yjFrj+T7iHZn2JDg1Yny1ma0luviFS4mhAIcd1LFNxK3EYu3DHWCps0ydXQ5i/rrJ2ig=="],

    "@rolldown/binding-openharmony-arm64": ["@rolldown/binding-openharmony-arm64@1.0.0-rc.12", "", { "os": "none", "cpu": "arm64" }, "sha512-vRugONE4yMfVn0+7lUKdKvN4D5YusEiPilaoO2sgUWpCvrncvWgPMzK00ZFFJuiPgLwgFNP5eSiUlv2tfc+lpA=="],

    "@rolldown/binding-wasm32-wasi": ["@rolldown/binding-wasm32-wasi@1.0.0-rc.12", "", { "dependencies": { "@napi-rs/wasm-runtime": "^1.1.1" }, "cpu": "none" }, "sha512-ykGiLr/6kkiHc0XnBfmFJuCjr5ZYKKofkx+chJWDjitX+KsJuAmrzWhwyOMSHzPhzOHOy7u9HlFoa5MoAOJ/Zg=="],

    "@rolldown/binding-win32-arm64-msvc": ["@rolldown/binding-win32-arm64-msvc@1.0.0-rc.12", "", { "os": "win32", "cpu": "arm64" }, "sha512-5eOND4duWkwx1AzCxadcOrNeighiLwMInEADT0YM7xeEOOFcovWZCq8dadXgcRHSf3Ulh1kFo/qvzoFiCLOL1Q=="],

    "@rolldown/binding-win32-x64-msvc": ["@rolldown/binding-win32-x64-msvc@1.0.0-rc.12", "", { "os": "win32", "cpu": "x64" }, "sha512-PyqoipaswDLAZtot351MLhrlrh6lcZPo2LSYE+VDxbVk24LVKAGOuE4hb8xZQmrPAuEtTZW8E6D2zc5EUZX4Lw=="],

    "@rolldown/pluginutils": ["@rolldown/pluginutils@1.0.0-rc.12", "", {}, "sha512-HHMwmarRKvoFsJorqYlFeFRzXZqCt2ETQlEDOb9aqssrnVBB1/+xgTGtuTrIk5vzLNX1MjMtTf7W9z3tsSbrxw=="],

    "@standard-schema/spec": ["@standard-schema/spec@1.1.0", "", {}, "sha512-l2aFy5jALhniG5HgqrD6jXLi/rUWrKvqN/qJx6yoJsgKhblVd+iqqU4RCXavm/jPityDo5TCvKMnpjKnOriy0w=="],

    "@tybys/wasm-util": ["@tybys/wasm-util@0.10.1", "", { "dependencies": { "tslib": "^2.4.0" } }, "sha512-9tTaPJLSiejZKx+Bmog4uSubteqTvFrVrURwkmHixBo0G4seD0zUxp98E1DzUBJxLQ3NPwXrGKDiVjwx/DpPsg=="],

    "@types/chai": ["@types/chai@5.2.3", "", { "dependencies": { "@types/deep-eql": "*", "assertion-error": "^2.0.1" } }, "sha512-Mw558oeA9fFbv65/y4mHtXDs9bPnFMZAL/jxdPFUpOHHIXX91mcgEHbS5Lahr+pwZFR8A7GQleRWeI6cGFC2UA=="],

    "@types/deep-eql": ["@types/deep-eql@4.0.2", "", {}, "sha512-c9h9dVVMigMPc4bwTvC5dxqtqJZwQPePsWjPlpSOnojbor6pGqdk541lfA7AqFQr5pB1BRdq0juY9db81BwyFw=="],

    "@types/estree": ["@types/estree@1.0.8", "", {}, "sha512-dWHzHa2WqEXI/O1E9OjrocMTKJl2mSrEolh1Iomrv6U+JuNwaHXsXx9bLu5gG7BUWFIN0skIQJQ/L1rIex4X6w=="],

    "@types/node": ["@types/node@25.5.0", "", { "dependencies": { "undici-types": "~7.18.0" } }, "sha512-jp2P3tQMSxWugkCUKLRPVUpGaL5MVFwF8RDuSRztfwgN1wmqJeMSbKlnEtQqU8UrhTmzEmZdu2I6v2dpp7XIxw=="],

    "@vitest/expect": ["@vitest/expect@4.1.2", "", { "dependencies": { "@standard-schema/spec": "^1.1.0", "@types/chai": "^5.2.2", "@vitest/spy": "4.1.2", "@vitest/utils": "4.1.2", "chai": "^6.2.2", "tinyrainbow": "^3.1.0" } }, "sha512-gbu+7B0YgUJ2nkdsRJrFFW6X7NTP44WlhiclHniUhxADQJH5Szt9mZ9hWnJPJ8YwOK5zUOSSlSvyzRf0u1DSBQ=="],

    "@vitest/mocker": ["@vitest/mocker@4.1.2", "", { "dependencies": { "@vitest/spy": "4.1.2", "estree-walker": "^3.0.3", "magic-string": "^0.30.21" }, "peerDependencies": { "msw": "^2.4.9", "vite": "^6.0.0 || ^7.0.0 || ^8.0.0" }, "optionalPeers": ["msw"] }, "sha512-Ize4iQtEALHDttPRCmN+FKqOl2vxTiNUhzobQFFt/BM1lRUTG7zRCLOykG/6Vo4E4hnUdfVLo5/eqKPukcWW7Q=="],

    "@vitest/pretty-format": ["@vitest/pretty-format@4.1.2", "", { "dependencies": { "tinyrainbow": "^3.1.0" } }, "sha512-dwQga8aejqeuB+TvXCMzSQemvV9hNEtDDpgUKDzOmNQayl2OG241PSWeJwKRH3CiC+sESrmoFd49rfnq7T4RnA=="],

    "@vitest/runner": ["@vitest/runner@4.1.2", "", { "dependencies": { "@vitest/utils": "4.1.2", "pathe": "^2.0.3" } }, "sha512-Gr+FQan34CdiYAwpGJmQG8PgkyFVmARK8/xSijia3eTFgVfpcpztWLuP6FttGNfPLJhaZVP/euvujeNYar36OQ=="],

    "@vitest/snapshot": ["@vitest/snapshot@4.1.2", "", { "dependencies": { "@vitest/pretty-format": "4.1.2", "@vitest/utils": "4.1.2", "magic-string": "^0.30.21", "pathe": "^2.0.3" } }, "sha512-g7yfUmxYS4mNxk31qbOYsSt2F4m1E02LFqO53Xpzg3zKMhLAPZAjjfyl9e6z7HrW6LvUdTwAQR3HHfLjpko16A=="],

    "@vitest/spy": ["@vitest/spy@4.1.2", "", {}, "sha512-DU4fBnbVCJGNBwVA6xSToNXrkZNSiw59H8tcuUspVMsBDBST4nfvsPsEHDHGtWRRnqBERBQu7TrTKskmjqTXKA=="],

    "@vitest/utils": ["@vitest/utils@4.1.2", "", { "dependencies": { "@vitest/pretty-format": "4.1.2", "convert-source-map": "^2.0.0", "tinyrainbow": "^3.1.0" } }, "sha512-xw2/TiX82lQHA06cgbqRKFb5lCAy3axQ4H4SoUFhUsg+wztiet+co86IAMDtF6Vm1hc7J6j09oh/rgDn+JdKIQ=="],

    "assertion-error": ["assertion-error@2.0.1", "", {}, "sha512-Izi8RQcffqCeNVgFigKli1ssklIbpHnCYc6AknXGYoB6grJqyeby7jv12JUQgmTAnIDnbck1uxksT4dzN3PWBA=="],

    "chai": ["chai@6.2.2", "", {}, "sha512-NUPRluOfOiTKBKvWPtSD4PhFvWCqOi0BGStNWs57X9js7XGTprSmFoz5F0tWhR4WPjNeR9jXqdC7/UpSJTnlRg=="],

    "convert-source-map": ["convert-source-map@2.0.0", "", {}, "sha512-Kvp459HrV2FEJ1CAsi1Ku+MY3kasH19TFykTz2xWmMeq6bk2NU3XXvfJ+Q61m0xktWwt+1HSYf3JZsTms3aRJg=="],

    "detect-libc": ["detect-libc@2.1.2", "", {}, "sha512-Btj2BOOO83o3WyH59e8MgXsxEQVcarkUOpEYrubB0urwnN10yQ364rsiByU11nZlqWYZm05i/of7io4mzihBtQ=="],

    "es-module-lexer": ["es-module-lexer@2.0.0", "", {}, "sha512-5POEcUuZybH7IdmGsD8wlf0AI55wMecM9rVBTI/qEAy2c1kTOm3DjFYjrBdI2K3BaJjJYfYFeRtM0t9ssnRuxw=="],

    "esbuild": ["esbuild@0.27.5", "", { "optionalDependencies": { "@esbuild/aix-ppc64": "0.27.5", "@esbuild/android-arm": "0.27.5", "@esbuild/android-arm64": "0.27.5", "@esbuild/android-x64": "0.27.5", "@esbuild/darwin-arm64": "0.27.5", "@esbuild/darwin-x64": "0.27.5", "@esbuild/freebsd-arm64": "0.27.5", "@esbuild/freebsd-x64": "0.27.5", "@esbuild/linux-arm": "0.27.5", "@esbuild/linux-arm64": "0.27.5", "@esbuild/linux-ia32": "0.27.5", "@esbuild/linux-loong64": "0.27.5", "@esbuild/linux-mips64el": "0.27.5", "@esbuild/linux-ppc64": "0.27.5", "@esbuild/linux-riscv64": "0.27.5", "@esbuild/linux-s390x": "0.27.5", "@esbuild/linux-x64": "0.27.5", "@esbuild/netbsd-arm64": "0.27.5", "@esbuild/netbsd-x64": "0.27.5", "@esbuild/openbsd-arm64": "0.27.5", "@esbuild/openbsd-x64": "0.27.5", "@esbuild/openharmony-arm64": "0.27.5", "@esbuild/sunos-x64": "0.27.5", "@esbuild/win32-arm64": "0.27.5", "@esbuild/win32-ia32": "0.27.5", "@esbuild/win32-x64": "0.27.5" }, "bin": "bin/esbuild" }, "sha512-zdQoHBjuDqKsvV5OPaWansOwfSQ0Js+Uj9J85TBvj3bFW1JjWTSULMRwdQAc8qMeIScbClxeMK0jlrtB9linhA=="],

    "estree-walker": ["estree-walker@3.0.3", "", { "dependencies": { "@types/estree": "^1.0.0" } }, "sha512-7RUKfXgSMMkzt6ZuXmqapOurLGPPfgj6l9uRZ7lRGolvk0y2yocc35LdcxKC5PQZdn2DMqioAQ2NoWcrTKmm6g=="],

    "expect-type": ["expect-type@1.3.0", "", {}, "sha512-knvyeauYhqjOYvQ66MznSMs83wmHrCycNEN6Ao+2AeYEfxUIkuiVxdEa1qlGEPK+We3n0THiDciYSsCcgW/DoA=="],

    "fdir": ["fdir@6.5.0", "", { "peerDependencies": { "picomatch": "^3 || ^4" } }, "sha512-tIbYtZbucOs0BRGqPJkshJUYdL+SDH7dVM8gjy+ERp3WAUjLEFJE+02kanyHtwjWOnwrKYBiwAmM0p4kLJAnXg=="],

    "fsevents": ["fsevents@2.3.3", "", { "os": "darwin" }, "sha512-5xoDfX+fL7faATnagmWPpbFtwh/R77WmMMqqHGS65C3vvB0YHrgF+B1YmZ3441tMj5n63k0212XNoJwzlhffQw=="],

    "get-tsconfig": ["get-tsconfig@4.13.7", "", { "dependencies": { "resolve-pkg-maps": "^1.0.0" } }, "sha512-7tN6rFgBlMgpBML5j8typ92BKFi2sFQvIdpAqLA2beia5avZDrMs0FLZiM5etShWq5irVyGcGMEA1jcDaK7A/Q=="],

    "hono": ["hono@4.12.9", "", {}, "sha512-wy3T8Zm2bsEvxKZM5w21VdHDDcwVS1yUFFY6i8UobSsKfFceT7TOwhbhfKsDyx7tYQlmRM5FLpIuYvNFyjctiA=="],

    "lightningcss": ["lightningcss@1.32.0", "", { "dependencies": { "detect-libc": "^2.0.3" }, "optionalDependencies": { "lightningcss-android-arm64": "1.32.0", "lightningcss-darwin-arm64": "1.32.0", "lightningcss-darwin-x64": "1.32.0", "lightningcss-freebsd-x64": "1.32.0", "lightningcss-linux-arm-gnueabihf": "1.32.0", "lightningcss-linux-arm64-gnu": "1.32.0", "lightningcss-linux-arm64-musl": "1.32.0", "lightningcss-linux-x64-gnu": "1.32.0", "lightningcss-linux-x64-musl": "1.32.0", "lightningcss-win32-arm64-msvc": "1.32.0", "lightningcss-win32-x64-msvc": "1.32.0" } }, "sha512-NXYBzinNrblfraPGyrbPoD19C1h9lfI/1mzgWYvXUTe414Gz/X1FD2XBZSZM7rRTrMA8JL3OtAaGifrIKhQ5yQ=="],

    "lightningcss-android-arm64": ["lightningcss-android-arm64@1.32.0", "", { "os": "android", "cpu": "arm64" }, "sha512-YK7/ClTt4kAK0vo6w3X+Pnm0D2cf2vPHbhOXdoNti1Ga0al1P4TBZhwjATvjNwLEBCnKvjJc2jQgHXH0NEwlAg=="],

    "lightningcss-darwin-arm64": ["lightningcss-darwin-arm64@1.32.0", "", { "os": "darwin", "cpu": "arm64" }, "sha512-RzeG9Ju5bag2Bv1/lwlVJvBE3q6TtXskdZLLCyfg5pt+HLz9BqlICO7LZM7VHNTTn/5PRhHFBSjk5lc4cmscPQ=="],

    "lightningcss-darwin-x64": ["lightningcss-darwin-x64@1.32.0", "", { "os": "darwin", "cpu": "x64" }, "sha512-U+QsBp2m/s2wqpUYT/6wnlagdZbtZdndSmut/NJqlCcMLTWp5muCrID+K5UJ6jqD2BFshejCYXniPDbNh73V8w=="],

    "lightningcss-freebsd-x64": ["lightningcss-freebsd-x64@1.32.0", "", { "os": "freebsd", "cpu": "x64" }, "sha512-JCTigedEksZk3tHTTthnMdVfGf61Fky8Ji2E4YjUTEQX14xiy/lTzXnu1vwiZe3bYe0q+SpsSH/CTeDXK6WHig=="],

    "lightningcss-linux-arm-gnueabihf": ["lightningcss-linux-arm-gnueabihf@1.32.0", "", { "os": "linux", "cpu": "arm" }, "sha512-x6rnnpRa2GL0zQOkt6rts3YDPzduLpWvwAF6EMhXFVZXD4tPrBkEFqzGowzCsIWsPjqSK+tyNEODUBXeeVHSkw=="],

    "lightningcss-linux-arm64-gnu": ["lightningcss-linux-arm64-gnu@1.32.0", "", { "os": "linux", "cpu": "arm64" }, "sha512-0nnMyoyOLRJXfbMOilaSRcLH3Jw5z9HDNGfT/gwCPgaDjnx0i8w7vBzFLFR1f6CMLKF8gVbebmkUN3fa/kQJpQ=="],

    "lightningcss-linux-arm64-musl": ["lightningcss-linux-arm64-musl@1.32.0", "", { "os": "linux", "cpu": "arm64" }, "sha512-UpQkoenr4UJEzgVIYpI80lDFvRmPVg6oqboNHfoH4CQIfNA+HOrZ7Mo7KZP02dC6LjghPQJeBsvXhJod/wnIBg=="],

    "lightningcss-linux-x64-gnu": ["lightningcss-linux-x64-gnu@1.32.0", "", { "os": "linux", "cpu": "x64" }, "sha512-V7Qr52IhZmdKPVr+Vtw8o+WLsQJYCTd8loIfpDaMRWGUZfBOYEJeyJIkqGIDMZPwPx24pUMfwSxxI8phr/MbOA=="],

    "lightningcss-linux-x64-musl": ["lightningcss-linux-x64-musl@1.32.0", "", { "os": "linux", "cpu": "x64" }, "sha512-bYcLp+Vb0awsiXg/80uCRezCYHNg1/l3mt0gzHnWV9XP1W5sKa5/TCdGWaR/zBM2PeF/HbsQv/j2URNOiVuxWg=="],

    "lightningcss-win32-arm64-msvc": ["lightningcss-win32-arm64-msvc@1.32.0", "", { "os": "win32", "cpu": "arm64" }, "sha512-8SbC8BR40pS6baCM8sbtYDSwEVQd4JlFTOlaD3gWGHfThTcABnNDBda6eTZeqbofalIJhFx0qKzgHJmcPTnGdw=="],

    "lightningcss-win32-x64-msvc": ["lightningcss-win32-x64-msvc@1.32.0", "", { "os": "win32", "cpu": "x64" }, "sha512-Amq9B/SoZYdDi1kFrojnoqPLxYhQ4Wo5XiL8EVJrVsB8ARoC1PWW6VGtT0WKCemjy8aC+louJnjS7U18x3b06Q=="],

    "magic-string": ["magic-string@0.30.21", "", { "dependencies": { "@jridgewell/sourcemap-codec": "^1.5.5" } }, "sha512-vd2F4YUyEXKGcLHoq+TEyCjxueSeHnFxyyjNp80yg0XV4vUhnDer/lvvlqM/arB5bXQN5K2/3oinyCRyx8T2CQ=="],

    "nanoid": ["nanoid@3.3.11", "", { "bin": "bin/nanoid.cjs" }, "sha512-N8SpfPUnUp1bK+PMYW8qSWdl9U+wwNWI4QKxOYDy9JAro3WMX7p2OeVRF9v+347pnakNevPmiHhNmZ2HbFA76w=="],

    "obug": ["obug@2.1.1", "", {}, "sha512-uTqF9MuPraAQ+IsnPf366RG4cP9RtUi7MLO1N3KEc+wb0a6yKpeL0lmk2IB1jY5KHPAlTc6T/JRdC/YqxHNwkQ=="],

    "pathe": ["pathe@2.0.3", "", {}, "sha512-WUjGcAqP1gQacoQe+OBJsFA7Ld4DyXuUIjZ5cc75cLHvJ7dtNsTugphxIADwspS+AraAUePCKrSVtPLFj/F88w=="],

    "picocolors": ["picocolors@1.1.1", "", {}, "sha512-xceH2snhtb5M9liqDsmEw56le376mTZkEX/jEb/RxNFyegNul7eNslCXP9FDj/Lcu0X8KEyMceP2ntpaHrDEVA=="],

    "picomatch": ["picomatch@4.0.4", "", {}, "sha512-QP88BAKvMam/3NxH6vj2o21R6MjxZUAd6nlwAS/pnGvN9IVLocLHxGYIzFhg6fUQ+5th6P4dv4eW9jX3DSIj7A=="],

    "postcss": ["postcss@8.5.8", "", { "dependencies": { "nanoid": "^3.3.11", "picocolors": "^1.1.1", "source-map-js": "^1.2.1" } }, "sha512-OW/rX8O/jXnm82Ey1k44pObPtdblfiuWnrd8X7GJ7emImCOstunGbXUpp7HdBrFQX6rJzn3sPT397Wp5aCwCHg=="],

    "resolve-pkg-maps": ["resolve-pkg-maps@1.0.0", "", {}, "sha512-seS2Tj26TBVOC2NIc2rOe2y2ZO7efxITtLZcGSOnHHNOQ7CkiUBfw0Iw2ck6xkIhPwLhKNLS8BO+hEpngQlqzw=="],

    "rolldown": ["rolldown@1.0.0-rc.12", "", { "dependencies": { "@oxc-project/types": "=0.122.0", "@rolldown/pluginutils": "1.0.0-rc.12" }, "optionalDependencies": { "@rolldown/binding-android-arm64": "1.0.0-rc.12", "@rolldown/binding-darwin-arm64": "1.0.0-rc.12", "@rolldown/binding-darwin-x64": "1.0.0-rc.12", "@rolldown/binding-freebsd-x64": "1.0.0-rc.12", "@rolldown/binding-linux-arm-gnueabihf": "1.0.0-rc.12", "@rolldown/binding-linux-arm64-gnu": "1.0.0-rc.12", "@rolldown/binding-linux-arm64-musl": "1.0.0-rc.12", "@rolldown/binding-linux-ppc64-gnu": "1.0.0-rc.12", "@rolldown/binding-linux-s390x-gnu": "1.0.0-rc.12", "@rolldown/binding-linux-x64-gnu": "1.0.0-rc.12", "@rolldown/binding-linux-x64-musl": "1.0.0-rc.12", "@rolldown/binding-openharmony-arm64": "1.0.0-rc.12", "@rolldown/binding-wasm32-wasi": "1.0.0-rc.12", "@rolldown/binding-win32-arm64-msvc": "1.0.0-rc.12", "@rolldown/binding-win32-x64-msvc": "1.0.0-rc.12" }, "bin": "bin/cli.mjs" }, "sha512-yP4USLIMYrwpPHEFB5JGH1uxhcslv6/hL0OyvTuY+3qlOSJvZ7ntYnoWpehBxufkgN0cvXxppuTu5hHa/zPh+A=="],

    "siginfo": ["siginfo@2.0.0", "", {}, "sha512-ybx0WO1/8bSBLEWXZvEd7gMW3Sn3JFlW3TvX1nREbDLRNQNaeNN8WK0meBwPdAaOI7TtRRRJn/Es1zhrrCHu7g=="],

    "source-map-js": ["source-map-js@1.2.1", "", {}, "sha512-UXWMKhLOwVKb728IUtQPXxfYU+usdybtUrK/8uGE8CQMvrhOpwvzDBwj0QhSL7MQc7vIsISBG8VQ8+IDQxpfQA=="],

    "stackback": ["stackback@0.0.2", "", {}, "sha512-1XMJE5fQo1jGH6Y/7ebnwPOBEkIEnT4QF32d5R1+VXdXveM0IBMJt8zfaxX1P3QhVwrYe+576+jkANtSS2mBbw=="],

    "std-env": ["std-env@4.0.0", "", {}, "sha512-zUMPtQ/HBY3/50VbpkupYHbRroTRZJPRLvreamgErJVys0ceuzMkD44J/QjqhHjOzK42GQ3QZIeFG1OYfOtKqQ=="],

    "tinybench": ["tinybench@2.9.0", "", {}, "sha512-0+DUvqWMValLmha6lr4kD8iAMK1HzV0/aKnCtWb9v9641TnP/MFb7Pc2bxoxQjTXAErryXVgUOfv2YqNllqGeg=="],

    "tinyexec": ["tinyexec@1.0.4", "", {}, "sha512-u9r3uZC0bdpGOXtlxUIdwf9pkmvhqJdrVCH9fapQtgy/OeTTMZ1nqH7agtvEfmGui6e1XxjcdrlxvxJvc3sMqw=="],

    "tinyglobby": ["tinyglobby@0.2.15", "", { "dependencies": { "fdir": "^6.5.0", "picomatch": "^4.0.3" } }, "sha512-j2Zq4NyQYG5XMST4cbs02Ak8iJUdxRM0XI5QyxXuZOzKOINmWurp3smXu3y5wDcJrptwpSjgXHzIQxR0omXljQ=="],

    "tinyrainbow": ["tinyrainbow@3.1.0", "", {}, "sha512-Bf+ILmBgretUrdJxzXM0SgXLZ3XfiaUuOj/IKQHuTXip+05Xn+uyEYdVg0kYDipTBcLrCVyUzAPz7QmArb0mmw=="],

    "tslib": ["tslib@2.8.1", "", {}, "sha512-oJFu94HQb+KVduSUQL7wnpmqnfmLsOA/nAh6b6EH0wCEoK0/mPeXU6c3wKDV83MkOuHPRHtSXKKU99IBazS/2w=="],

    "tsx": ["tsx@4.21.0", "", { "dependencies": { "esbuild": "~0.27.0", "get-tsconfig": "^4.7.5" }, "optionalDependencies": { "fsevents": "~2.3.3" }, "bin": "dist/cli.mjs" }, "sha512-5C1sg4USs1lfG0GFb2RLXsdpXqBSEhAaA/0kPL01wxzpMqLILNxIxIOKiILz+cdg/pLnOUxFYOR5yhHU666wbw=="],

    "typescript": ["typescript@6.0.2", "", { "bin": { "tsc": "bin/tsc", "tsserver": "bin/tsserver" } }, "sha512-bGdAIrZ0wiGDo5l8c++HWtbaNCWTS4UTv7RaTH/ThVIgjkveJt83m74bBHMJkuCbslY8ixgLBVZJIOiQlQTjfQ=="],

    "undici-types": ["undici-types@7.18.2", "", {}, "sha512-AsuCzffGHJybSaRrmr5eHr81mwJU3kjw6M+uprWvCXiNeN9SOGwQ3Jn8jb8m3Z6izVgknn1R0FTCEAP2QrLY/w=="],

    "vite": ["vite@8.0.3", "", { "dependencies": { "lightningcss": "^1.32.0", "picomatch": "^4.0.4", "postcss": "^8.5.8", "rolldown": "1.0.0-rc.12", "tinyglobby": "^0.2.15" }, "optionalDependencies": { "fsevents": "~2.3.3" }, "peerDependencies": { "@types/node": "^20.19.0 || >=22.12.0", "@vitejs/devtools": "^0.1.0", "esbuild": "^0.27.0", "jiti": ">=1.21.0", "less": "^4.0.0", "sass": "^1.70.0", "sass-embedded": "^1.70.0", "stylus": ">=0.54.8", "sugarss": "^5.0.0", "terser": "^5.16.0", "tsx": "^4.8.1", "yaml": "^2.4.2" }, "optionalPeers": ["@vitejs/devtools", "jiti", "less", "sass", "sass-embedded", "stylus", "sugarss", "terser", "yaml"], "bin": "bin/vite.js" }, "sha512-B9ifbFudT1TFhfltfaIPgjo9Z3mDynBTJSUYxTjOQruf/zHH+ezCQKcoqO+h7a9Pw9Nm/OtlXAiGT1axBgwqrQ=="],

    "vitest": ["vitest@4.1.2", "", { "dependencies": { "@vitest/expect": "4.1.2", "@vitest/mocker": "4.1.2", "@vitest/pretty-format": "4.1.2", "@vitest/runner": "4.1.2", "@vitest/snapshot": "4.1.2", "@vitest/spy": "4.1.2", "@vitest/utils": "4.1.2", "es-module-lexer": "^2.0.0", "expect-type": "^1.3.0", "magic-string": "^0.30.21", "obug": "^2.1.1", "pathe": "^2.0.3", "picomatch": "^4.0.3", "std-env": "^4.0.0-rc.1", "tinybench": "^2.9.0", "tinyexec": "^1.0.2", "tinyglobby": "^0.2.15", "tinyrainbow": "^3.1.0", "vite": "^6.0.0 || ^7.0.0 || ^8.0.0", "why-is-node-running": "^2.3.0" }, "peerDependencies": { "@edge-runtime/vm": "*", "@opentelemetry/api": "^1.9.0", "@types/node": "^20.0.0 || ^22.0.0 || >=24.0.0", "@vitest/browser-playwright": "4.1.2", "@vitest/browser-preview": "4.1.2", "@vitest/browser-webdriverio": "4.1.2", "@vitest/ui": "4.1.2", "happy-dom": "*", "jsdom": "*", "vite": "^6.0.0 || ^7.0.0 || ^8.0.0" }, "optionalPeers": ["@edge-runtime/vm", "@opentelemetry/api", "@vitest/browser-playwright", "@vitest/browser-preview", "@vitest/browser-webdriverio", "@vitest/ui", "happy-dom", "jsdom"], "bin": "vitest.mjs" }, "sha512-xjR1dMTVHlFLh98JE3i/f/WePqJsah4A0FK9cc8Ehp9Udk0AZk6ccpIZhh1qJ/yxVWRZ+Q54ocnD8TXmkhspGg=="],

    "why-is-node-running": ["why-is-node-running@2.3.0", "", { "dependencies": { "siginfo": "^2.0.0", "stackback": "0.0.2" }, "bin": "cli.js" }, "sha512-hUrmaWBdVDcxvYqnyh09zunKzROWjbZTiNy8dBEjkS7ehEDQibXJ7XvlmtbwuTclUiIyN+CyXQD4Vmko8fNm8w=="],

    "zod": ["zod@4.3.6", "", {}, "sha512-rftlrkhHZOcjDwkGlnUtZZkvaPHCsDATp4pGpuOOMDaTdDDXF91wuVDJoWoPsKX/3YPQ5fHuF3STjcYyKr+Qhg=="],
  }
}
